{
  "version": "2",
  "remote": {
    "https://deno.land/std@0.180.0/_util/asserts.ts": "178dfc49a464aee693a7e285567b3d0b555dc805ff490505a8aae34f9cfb1462",
    "https://deno.land/std@0.180.0/_util/os.ts": "d932f56d41e4f6a6093d56044e29ce637f8dcc43c5a90af43504a889cf1775e3",
    "https://deno.land/std@0.180.0/async/abortable.ts": "73acfb3ed7261ce0d930dbe89e43db8d34e017b063cf0eaa7d215477bf53442e",
    "https://deno.land/std@0.180.0/async/deadline.ts": "c5facb0b404eede83e38bd2717ea8ab34faa2ffb20ef87fd261fcba32ba307aa",
    "https://deno.land/std@0.180.0/async/debounce.ts": "adab11d04ca38d699444ac8a9d9856b4155e8dda2afd07ce78276c01ea5a4332",
    "https://deno.land/std@0.180.0/async/deferred.ts": "42790112f36a75a57db4a96d33974a936deb7b04d25c6084a9fa8a49f135def8",
    "https://deno.land/std@0.180.0/async/delay.ts": "73aa04cec034c84fc748c7be49bb15cac3dd43a57174bfdb7a4aec22c248f0dd",
    "https://deno.land/std@0.180.0/async/mod.ts": "f04344fa21738e5ad6bea37a6bfffd57c617c2d372bb9f9dcfd118a1b622e576",
    "https://deno.land/std@0.180.0/async/mux_async_iterator.ts": "70c7f2ee4e9466161350473ad61cac0b9f115cff4c552eaa7ef9d50c4cbb4cc9",
    "https://deno.land/std@0.180.0/async/pool.ts": "fd082bd4aaf26445909889435a5c74334c017847842ec035739b4ae637ae8260",
    "https://deno.land/std@0.180.0/async/retry.ts": "5efa3ba450ac0c07a40a82e2df296287b5013755d232049efd7ea2244f15b20f",
    "https://deno.land/std@0.180.0/async/tee.ts": "47e42d35f622650b02234d43803d0383a89eb4387e1b83b5a40106d18ae36757",
    "https://deno.land/std@0.180.0/bytes/bytes_list.ts": "b4cbdfd2c263a13e8a904b12d082f6177ea97d9297274a4be134e989450dfa6a",
    "https://deno.land/std@0.180.0/bytes/concat.ts": "d26d6f3d7922e6d663dacfcd357563b7bf4a380ce5b9c2bbe0c8586662f25ce2",
    "https://deno.land/std@0.180.0/bytes/copy.ts": "939d89e302a9761dcf1d9c937c7711174ed74c59eef40a1e4569a05c9de88219",
    "https://deno.land/std@0.180.0/bytes/ends_with.ts": "4228811ebc71615d27f065c54b5e815ec1972538772b0f413c0efe05245b472e",
    "https://deno.land/std@0.180.0/bytes/equals.ts": "b87494ce5442dc786db46f91378100028c402f83a14a2f7bbff6bda7810aefe3",
    "https://deno.land/std@0.180.0/bytes/includes_needle.ts": "76a8163126fb2f8bf86fd7f22192c3bb04bf6a20b987a095127c2ca08adf3ba6",
    "https://deno.land/std@0.180.0/bytes/index_of_needle.ts": "65c939607df609374c4415598fa4dad04a2f14c4d98cd15775216f0aaf597f24",
    "https://deno.land/std@0.180.0/bytes/last_index_of_needle.ts": "7181072883cb4908c6ce8f7a5bb1d96787eef2c2ab3aa94fe4268ab326a53cbf",
    "https://deno.land/std@0.180.0/bytes/mod.ts": "e869bba1e7a2e3a9cc6c2d55471888429a544e70a840c087672e656e7ba21815",
    "https://deno.land/std@0.180.0/bytes/repeat.ts": "6f5e490d8d72bcbf8d84a6bb04690b9b3eb5822c5a11687bca73a2318a842294",
    "https://deno.land/std@0.180.0/bytes/starts_with.ts": "3e607a70c9c09f5140b7a7f17a695221abcc7244d20af3eb47ccbb63f5885135",
    "https://deno.land/std@0.180.0/encoding/base64.ts": "7de04c2f8aeeb41453b09b186480be90f2ff357613b988e99fabb91d2eeceba1",
    "https://deno.land/std@0.180.0/fmt/colors.ts": "938c5d44d889fb82eff6c358bea8baa7e85950a16c9f6dae3ec3a7a729164471",
    "https://deno.land/std@0.180.0/fs/_util.ts": "65381f341af1ff7f40198cee15c20f59951ac26e51ddc651c5293e24f9ce6f32",
    "https://deno.land/std@0.180.0/fs/ensure_dir.ts": "dc64c4c75c64721d4e3fb681f1382f803ff3d2868f08563ff923fdd20d071c40",
    "https://deno.land/std@0.180.0/http/server.ts": "cbb17b594651215ba95c01a395700684e569c165a567e4e04bba327f41197433",
    "https://deno.land/std@0.180.0/jsonc/mod.ts": "b545ae643c49ec3eb7ea64c3eb4e8594b9ac55cd32edeef7459efe3343353420",
    "https://deno.land/std@0.180.0/jsonc/parse.ts": "06567e9739aecc19eca62a48f58ce29c0f7958044b5fcccf772aca262e33b564",
    "https://deno.land/std@0.180.0/path/_constants.ts": "e49961f6f4f48039c0dfed3c3f93e963ca3d92791c9d478ac5b43183413136e0",
    "https://deno.land/std@0.180.0/path/_interface.ts": "6471159dfbbc357e03882c2266d21ef9afdb1e4aa771b0545e90db58a0ba314b",
    "https://deno.land/std@0.180.0/path/_util.ts": "d7abb1e0dea065f427b89156e28cdeb32b045870acdf865833ba808a73b576d0",
    "https://deno.land/std@0.180.0/path/common.ts": "ee7505ab01fd22de3963b64e46cff31f40de34f9f8de1fff6a1bd2fe79380000",
    "https://deno.land/std@0.180.0/path/glob.ts": "d479e0a695621c94d3fd7fe7abd4f9499caf32a8de13f25073451c6ef420a4e1",
    "https://deno.land/std@0.180.0/path/mod.ts": "4b83694ac500d7d31b0cdafc927080a53dc0c3027eb2895790fb155082b0d232",
    "https://deno.land/std@0.180.0/path/posix.ts": "8b7c67ac338714b30c816079303d0285dd24af6b284f7ad63da5b27372a2c94d",
    "https://deno.land/std@0.180.0/path/separator.ts": "0fb679739d0d1d7bf45b68dacfb4ec7563597a902edbaf3c59b50d5bcadd93b1",
    "https://deno.land/std@0.180.0/path/win32.ts": "d186344e5583bcbf8b18af416d13d82b35a317116e6460a5a3953508c3de5bba",
    "https://deno.land/std@0.188.0/_util/asserts.ts": "178dfc49a464aee693a7e285567b3d0b555dc805ff490505a8aae34f9cfb1462",
    "https://deno.land/std@0.188.0/_util/os.ts": "d932f56d41e4f6a6093d56044e29ce637f8dcc43c5a90af43504a889cf1775e3",
    "https://deno.land/std@0.188.0/bytes/copy.ts": "939d89e302a9761dcf1d9c937c7711174ed74c59eef40a1e4569a05c9de88219",
    "https://deno.land/std@0.188.0/collections/filter_values.ts": "5b9feaf17b9a6e5ffccdd36cf6f38fa4ffa94cff2602d381c2ad0c2a97929652",
    "https://deno.land/std@0.188.0/collections/without_all.ts": "a89f5da0b5830defed4f59666e188df411d8fece35a5f6ca69be6ca71a95c185",
    "https://deno.land/std@0.188.0/dotenv/mod.ts": "f5a8123741d1561ae8184a7f043bc097b15132c5171c651142b804b6dbc21853",
    "https://deno.land/std@0.188.0/io/buffer.ts": "17f4410eaaa60a8a85733e8891349a619eadfbbe42e2f319283ce2b8f29723ab",
    "https://deno.land/std@0.188.0/path/_constants.ts": "e49961f6f4f48039c0dfed3c3f93e963ca3d92791c9d478ac5b43183413136e0",
    "https://deno.land/std@0.188.0/path/_interface.ts": "6471159dfbbc357e03882c2266d21ef9afdb1e4aa771b0545e90db58a0ba314b",
    "https://deno.land/std@0.188.0/path/_util.ts": "d7abb1e0dea065f427b89156e28cdeb32b045870acdf865833ba808a73b576d0",
    "https://deno.land/std@0.188.0/path/common.ts": "ee7505ab01fd22de3963b64e46cff31f40de34f9f8de1fff6a1bd2fe79380000",
    "https://deno.land/std@0.188.0/path/glob.ts": "d479e0a695621c94d3fd7fe7abd4f9499caf32a8de13f25073451c6ef420a4e1",
    "https://deno.land/std@0.188.0/path/mod.ts": "ee161baec5ded6510ee1d1fb6a75a0f5e4b41f3f3301c92c716ecbdf7dae910d",
    "https://deno.land/std@0.188.0/path/posix.ts": "8b7c67ac338714b30c816079303d0285dd24af6b284f7ad63da5b27372a2c94d",
    "https://deno.land/std@0.188.0/path/separator.ts": "0fb679739d0d1d7bf45b68dacfb4ec7563597a902edbaf3c59b50d5bcadd93b1",
    "https://deno.land/std@0.188.0/path/win32.ts": "d186344e5583bcbf8b18af416d13d82b35a317116e6460a5a3953508c3de5bba",
    "https://deno.land/std@0.188.0/types.d.ts": "dbaeb2c4d7c526db9828fc8df89d8aecf53b9ced72e0c4568f97ddd8cda616a4",
    "https://deno.land/std@0.188.0/yaml/_dumper/dumper.ts": "a2c937a53a2b0473125a31a330334cc3f30e98fd82f8143bc225583d1260890b",
    "https://deno.land/std@0.188.0/yaml/_dumper/dumper_state.ts": "f0d0673ceea288334061ca34b63954c2bb5feb5bf6de5e4cfe9a942cdf6e5efe",
    "https://deno.land/std@0.188.0/yaml/_error.ts": "b59e2c76ce5a47b1b9fa0ff9f96c1dd92ea1e1b17ce4347ece5944a95c3c1a84",
    "https://deno.land/std@0.188.0/yaml/_loader/loader.ts": "04cf748a736a9b3a29bd3d4b3c77d81489f82cfe8391627fd6ba8327e1e8cec2",
    "https://deno.land/std@0.188.0/yaml/_loader/loader_state.ts": "0841870b467169269d7c2dfa75cd288c319bc06f65edd9e42c29e5fced91c7a4",
    "https://deno.land/std@0.188.0/yaml/_mark.ts": "dcd8585dee585e024475e9f3fe27d29740670fb64ebb970388094cad0fc11d5d",
    "https://deno.land/std@0.188.0/yaml/_state.ts": "ef03d55ec235d48dcfbecc0ab3ade90bfae69a61094846e08003421c2cf5cfc6",
    "https://deno.land/std@0.188.0/yaml/_type/binary.ts": "d34d8c8d8ed521e270cfede3401c425b971af4f6c69da1e2cb32b172d42c7da7",
    "https://deno.land/std@0.188.0/yaml/_type/bool.ts": "5bfa75da84343d45347b521ba4e5aeace9fe6f53447405290d53315a3fc20e66",
    "https://deno.land/std@0.188.0/yaml/_type/float.ts": "056bd3cb9c5586238b20517511014fb24b0e36f98f9f6073e12da308b6b9808a",
    "https://deno.land/std@0.188.0/yaml/_type/function.ts": "ff574fe84a750695302864e1c31b93f12d14ada4bde79a5f93197fc33ad17471",
    "https://deno.land/std@0.188.0/yaml/_type/int.ts": "563ad074f0fa7aecf6b6c3d84135bcc95a8269dcc15de878de20ce868fd773fa",
    "https://deno.land/std@0.188.0/yaml/_type/map.ts": "7b105e4ab03a361c61e7e335a0baf4d40f06460b13920e5af3fb2783a1464000",
    "https://deno.land/std@0.188.0/yaml/_type/merge.ts": "8192bf3e4d637f32567917f48bb276043da9cf729cf594e5ec191f7cd229337e",
    "https://deno.land/std@0.188.0/yaml/_type/mod.ts": "060e2b3d38725094b77ea3a3f05fc7e671fced8e67ca18e525be98c4aa8f4bbb",
    "https://deno.land/std@0.188.0/yaml/_type/nil.ts": "606e8f0c44d73117c81abec822f89ef81e40f712258c74f186baa1af659b8887",
    "https://deno.land/std@0.188.0/yaml/_type/omap.ts": "cfe59a294726f5cea705c39a61fd2b08199cf48f4ccd6b040cb550ec0f38d0a1",
    "https://deno.land/std@0.188.0/yaml/_type/pairs.ts": "0032fdfe57558d21696a4f8cf5b5cfd1f698743177080affc18629685c905666",
    "https://deno.land/std@0.188.0/yaml/_type/regexp.ts": "1ce118de15b2da43b4bd8e4395f42d448b731acf3bdaf7c888f40789f9a95f8b",
    "https://deno.land/std@0.188.0/yaml/_type/seq.ts": "95333abeec8a7e4d967b8c8328b269e342a4bbdd2585395549b9c4f58c8533a2",
    "https://deno.land/std@0.188.0/yaml/_type/set.ts": "f28ba44e632ef2a6eb580486fd47a460445eeddbdf1dbc739c3e62486f566092",
    "https://deno.land/std@0.188.0/yaml/_type/str.ts": "a67a3c6e429d95041399e964015511779b1130ea5889fa257c48457bd3446e31",
    "https://deno.land/std@0.188.0/yaml/_type/timestamp.ts": "706ea80a76a73e48efaeb400ace087da1f927647b53ad6f754f4e06d51af087f",
    "https://deno.land/std@0.188.0/yaml/_type/undefined.ts": "94a316ca450597ccbc6750cbd79097ad0d5f3a019797eed3c841a040c29540ba",
    "https://deno.land/std@0.188.0/yaml/_utils.ts": "26b311f0d42a7ce025060bd6320a68b50e52fd24a839581eb31734cd48e20393",
    "https://deno.land/std@0.188.0/yaml/mod.ts": "28ecda6652f3e7a7735ee29c247bfbd32a2e2fc5724068e9fd173ec4e59f66f7",
    "https://deno.land/std@0.188.0/yaml/parse.ts": "1fbbda572bf3fff578b6482c0d8b85097a38de3176bf3ab2ca70c25fb0c960ef",
    "https://deno.land/std@0.188.0/yaml/schema.ts": "96908b78dc50c340074b93fc1598d5e7e2fe59103f89ff81e5a49b2dedf77a67",
    "https://deno.land/std@0.188.0/yaml/schema/core.ts": "fa406f18ceedc87a50e28bb90ec7a4c09eebb337f94ef17468349794fa828639",
    "https://deno.land/std@0.188.0/yaml/schema/default.ts": "0047e80ae8a4a93293bc4c557ae8a546aabd46bb7165b9d9b940d57b4d88bde9",
    "https://deno.land/std@0.188.0/yaml/schema/extended.ts": "0784416bf062d20a1626b53c03380e265b3e39b9409afb9f4cb7d659fd71e60d",
    "https://deno.land/std@0.188.0/yaml/schema/failsafe.ts": "d219ab5febc43f770917d8ec37735a4b1ad671149846cbdcade767832b42b92b",
    "https://deno.land/std@0.188.0/yaml/schema/json.ts": "5f41dd7c2f1ad545ef6238633ce9ee3d444dfc5a18101e1768bd5504bf90e5e5",
    "https://deno.land/std@0.188.0/yaml/schema/mod.ts": "4472e827bab5025e92bc2eb2eeefa70ecbefc64b2799b765c69af84822efef32",
    "https://deno.land/std@0.188.0/yaml/stringify.ts": "fffc09c65c68d3d63f8159e8cbaa3f489bc20a8e55b4fbb61a8c2e9f914d1d02",
    "https://deno.land/std@0.188.0/yaml/type.ts": "1aabb8e0a3f4229ce0a3526256f68826d9bdf65a36c8a3890ead8011fcba7670",
    "https://deno.land/x/aleph/framework/core/error.ts": "65b0dfaef2e8a77f857fdb6b953c4306d88af01690615bd8fb1a3570e336b255",
    "https://deno.land/x/aleph/framework/core/events.ts": "f165911b3339b6d02f782947e51197177b4bd14e86eb65ca257c8a96386cec46",
    "https://deno.land/x/aleph/framework/core/redirect.ts": "b65f0cafdca115b41e6e1499e420655ea55d1f3c140e0784d640de59e3606185",
    "https://deno.land/x/aleph/framework/core/router.ts": "cb5c1f3ed0d25578d4ec26491e5554992af5b7765ee5852a390b3785085f52d0",
    "https://deno.land/x/aleph/framework/core/url_pattern.ts": "d218c6fe81646adb0dc164b7515a4eff959f4b64b975bfc2ee7696cb0864a3a3",
    "https://deno.land/x/aleph/framework/react/client.ts": "f4ca7bc5b6f18faa4faae864cbd1b27cc000474f830d3066fe0f38e7823c5e92",
    "https://deno.land/x/aleph/framework/react/context.ts": "ca3efebc3f1db76725969d8178e405e635c2825665b9b8573133c4ed63f3e2a4",
    "https://deno.land/x/aleph/framework/react/data.ts": "4987ca0fc9fae3cbb61982c9136f2658173bd7971f7dcbc7e881a4b62d71e701",
    "https://deno.land/x/aleph/framework/react/error.ts": "b5c784b1a3fac7d550b82780dd5ba4ff8d64a1293559ec7ec702e2905a4915a2",
    "https://deno.land/x/aleph/framework/react/head.ts": "0bb40ded9a5e83371c6d43f6e3ecb6b506ce9b2eb9e2b13d6a4a86f62f269efa",
    "https://deno.land/x/aleph/framework/react/link.ts": "cfb28db77b870cf13003f87259fcac6fde08bee3f51959cbbe1dce82e2ad92cf",
    "https://deno.land/x/aleph/framework/react/mod.ts": "8ae50b9efe8c0c6e9e4e076e3c5bd428c4c1e6645ff4c57e35935abdfa2266f4",
    "https://deno.land/x/aleph/framework/react/portal.ts": "57bffcf10ad1d1badc5ece9a1859ecbe2d22c4ddc86519d3e2e067c114ec436f",
    "https://deno.land/x/aleph/framework/react/router.ts": "52c7cfb8020fafb3ce7c0855c76243870b8ce21d609ee7007e2a95ca32f0d859",
    "https://deno.land/x/aleph/shared/util.ts": "05b9c60ccb2216150f049615d185cc4a0bdd54829820a5ddc6f82641b4d4ff4f",
    "https://deno.land/x/aleph/version.ts": "c311bd42483cce4d8d928fae34f74bb195ebab0b5c1a7d11feb326e53003cfb5",
    "https://deno.land/x/aleph@1.0.0-beta.43/framework/core/error.ts": "65b0dfaef2e8a77f857fdb6b953c4306d88af01690615bd8fb1a3570e336b255",
    "https://deno.land/x/aleph@1.0.0-beta.43/framework/core/events.ts": "f165911b3339b6d02f782947e51197177b4bd14e86eb65ca257c8a96386cec46",
    "https://deno.land/x/aleph@1.0.0-beta.43/framework/core/redirect.ts": "b65f0cafdca115b41e6e1499e420655ea55d1f3c140e0784d640de59e3606185",
    "https://deno.land/x/aleph@1.0.0-beta.43/framework/core/router.ts": "cb5c1f3ed0d25578d4ec26491e5554992af5b7765ee5852a390b3785085f52d0",
    "https://deno.land/x/aleph@1.0.0-beta.43/framework/core/url_pattern.ts": "d218c6fe81646adb0dc164b7515a4eff959f4b64b975bfc2ee7696cb0864a3a3",
    "https://deno.land/x/aleph@1.0.0-beta.43/framework/react/client.ts": "f4ca7bc5b6f18faa4faae864cbd1b27cc000474f830d3066fe0f38e7823c5e92",
    "https://deno.land/x/aleph@1.0.0-beta.43/framework/react/context.ts": "ca3efebc3f1db76725969d8178e405e635c2825665b9b8573133c4ed63f3e2a4",
    "https://deno.land/x/aleph@1.0.0-beta.43/framework/react/data.ts": "4987ca0fc9fae3cbb61982c9136f2658173bd7971f7dcbc7e881a4b62d71e701",
    "https://deno.land/x/aleph@1.0.0-beta.43/framework/react/error.ts": "b5c784b1a3fac7d550b82780dd5ba4ff8d64a1293559ec7ec702e2905a4915a2",
    "https://deno.land/x/aleph@1.0.0-beta.43/framework/react/head.ts": "0bb40ded9a5e83371c6d43f6e3ecb6b506ce9b2eb9e2b13d6a4a86f62f269efa",
    "https://deno.land/x/aleph@1.0.0-beta.43/framework/react/link.ts": "cfb28db77b870cf13003f87259fcac6fde08bee3f51959cbbe1dce82e2ad92cf",
    "https://deno.land/x/aleph@1.0.0-beta.43/framework/react/mod.ts": "8ae50b9efe8c0c6e9e4e076e3c5bd428c4c1e6645ff4c57e35935abdfa2266f4",
    "https://deno.land/x/aleph@1.0.0-beta.43/framework/react/plugin.ts": "cf0dbb9d5a30d2fd0a683f93dfd41fd41c0aa40d9bcb4d21ebedf949c6d23ac5",
    "https://deno.land/x/aleph@1.0.0-beta.43/framework/react/portal.ts": "57bffcf10ad1d1badc5ece9a1859ecbe2d22c4ddc86519d3e2e067c114ec436f",
    "https://deno.land/x/aleph@1.0.0-beta.43/framework/react/router.ts": "52c7cfb8020fafb3ce7c0855c76243870b8ce21d609ee7007e2a95ca32f0d859",
    "https://deno.land/x/aleph@1.0.0-beta.43/plugins/deploy.ts": "28f7d6059bf5fae09dca1817e16c133529544a2c908e56235ab5bdbd9e7a38f7",
    "https://deno.land/x/aleph@1.0.0-beta.43/server/build.ts": "9d165ff118e0652cb345e983de239c24760fc97960f5826fa4d40d7af06b6641",
    "https://deno.land/x/aleph@1.0.0-beta.43/server/cache.ts": "1f1118d4efa440a6c2ad1c55a98357e1d1406aefc40bdef5c102fa8969076cf2",
    "https://deno.land/x/aleph@1.0.0-beta.43/server/context.ts": "cd865dcaeb23703337e3d05908bbf9b5a068b3dfde6512cb7373cba540a3f8f6",
    "https://deno.land/x/aleph@1.0.0-beta.43/server/deps.ts": "37e4d4d49805265a18d159e2b97742d985395c2ae141a69878f3fac9e5fe3211",
    "https://deno.land/x/aleph@1.0.0-beta.43/server/dev.ts": "d0f3d931bc8b67e609dd0e7fd477e060c45a3b67df22d15e466cc6f1bdc522d5",
    "https://deno.land/x/aleph@1.0.0-beta.43/server/graph.ts": "15ca091aab1e06bef77508ce50c6010fe4e8d41653fba9529f9116657173d607",
    "https://deno.land/x/aleph@1.0.0-beta.43/server/handler.ts": "eb51c8f05ed44747d8c7e26921fc11a9146b220abe863f9852a8829e59016366",
    "https://deno.land/x/aleph@1.0.0-beta.43/server/helpers.ts": "f7f20e1e517e0ef64342f146f9e9dd8e248049c03405472413bd31439dd14407",
    "https://deno.land/x/aleph@1.0.0-beta.43/server/html.ts": "bb73e4b947b8883535795604434e8180edf97e27e4e4c1296d6fe59f4fa4eb24",
    "https://deno.land/x/aleph@1.0.0-beta.43/server/log.ts": "9c7abad7015f0dbd421cb1ec090da9e67f9854c8c0c5bef4d3b1202a6ab0af95",
    "https://deno.land/x/aleph@1.0.0-beta.43/server/media_type.ts": "2bce52b8eb4378b6a50f86130d644f0cfca1d43d5d6999debbbc8fe464891fc4",
    "https://deno.land/x/aleph@1.0.0-beta.43/server/mod.ts": "0a84dc1411ba6d99514416b4d066cf6421d7ea5a86e113b1bbe473ac7fd154f1",
    "https://deno.land/x/aleph@1.0.0-beta.43/server/renderer.ts": "90e396873cf76c75322552087998ab49ed07312e9a39f481986a74f40d053316",
    "https://deno.land/x/aleph@1.0.0-beta.43/server/router.ts": "16aa94bce034496b07cbfaf94d91aab5b9f9d87ff014bc3a4676f5d80dfaaeaf",
    "https://deno.land/x/aleph@1.0.0-beta.43/server/session.ts": "3e7720800601fbec15e6647ee893421e761a2fe054e79e1c12c4c5106259eac1",
    "https://deno.land/x/aleph@1.0.0-beta.43/server/transformer.ts": "e230a6d23d8a737447233fe3ca1efa4ec3960f367aaeadd92729a71e82b178c2",
    "https://deno.land/x/aleph@1.0.0-beta.43/server/types.ts": "0d64e8aaa533e2d77b50d9c54def6ba0d995c10025574e681bc03482881c3e61",
    "https://deno.land/x/aleph@1.0.0-beta.43/shared/util.ts": "05b9c60ccb2216150f049615d185cc4a0bdd54829820a5ddc6f82641b4d4ff4f",
    "https://deno.land/x/aleph@1.0.0-beta.43/version.ts": "c311bd42483cce4d8d928fae34f74bb195ebab0b5c1a7d11feb326e53003cfb5",
    "https://deno.land/x/aleph_compiler@0.9.3/dist/compiler.js": "06518b3d7d4e2489c2425e824c107e96a0d08a53100b84ed0bc098f64ba575f2",
    "https://deno.land/x/aleph_compiler@0.9.3/dist/wasm.js": "89fb290e363a5dda5b77020c78b008700781dfc9dc2d445d1fc8c8bf1f1aaea1",
    "https://deno.land/x/aleph_compiler@0.9.3/mod.ts": "4e5bf63998a1d8293a98f7c2fd723e5768129b4421e00f47e504bb0cfd2312f8",
    "https://deno.land/x/aleph_compiler@0.9.3/types.ts": "83912306f6e51a1cb25723b982a2a4487efd66ac182447c07d5e2f074329366a",
    "https://deno.land/x/aleph_compiler@0.9.3/version.ts": "e094b6bae495fb6c416d822cdd9f136ee1ecc3f0669ce2c5a8a1b5c2e802bcf0",
    "https://deno.land/x/denoflate@1.2.1/mod.ts": "f5628e44b80b3d80ed525afa2ba0f12408e3849db817d47a883b801f9ce69dd6",
    "https://deno.land/x/denoflate@1.2.1/pkg/denoflate.js": "b9f9ad9457d3f12f28b1fb35c555f57443427f74decb403113d67364e4f2caf4",
    "https://deno.land/x/denoflate@1.2.1/pkg/denoflate_bg.wasm.js": "d581956245407a2115a3d7e8d85a9641c032940a8e810acbd59ca86afd34d44d",
    "https://deno.land/x/esbuild@v0.17.12/mod.d.ts": "dc279a3a46f084484453e617c0cabcd5b8bd1920c0e562e4ea02dfc828c8f968",
    "https://deno.land/x/esbuild@v0.17.12/mod.js": "8e93e1a2ac8c86aa7160383f2474e189b47783c21a8930e0669523925e65aac5",
    "https://deno.land/x/lol_html@0.0.6/lol_html.js": "efa396ae3506f40d81af8917b2a04c955550f738774e5ba5e3d2f9b10bb3bd02",
    "https://deno.land/x/lol_html@0.0.6/mod.ts": "308001155134d2b3d65f55d25eada007c88aa01b5c4866ac02c59953c83563f2",
    "https://deno.land/x/lol_html@0.0.6/types.d.ts": "bf06e1f27f776389334d001992d1e3efe3a335b4688e2c3ca39e307d2ae11cc4",
    "https://deno.land/x/lol_html@0.0.6/wasm.js": "74a2424ff8f77439c465e5bcac6a347095c3b3580e76211ce4a6c140a2e15c3f",
    "https://deno.land/x/zod@v3.21.4/ZodError.ts": "4de18ff525e75a0315f2c12066b77b5c2ae18c7c15ef7df7e165d63536fdf2ea",
    "https://deno.land/x/zod@v3.21.4/errors.ts": "5285922d2be9700cc0c70c95e4858952b07ae193aa0224be3cbd5cd5567eabef",
    "https://deno.land/x/zod@v3.21.4/external.ts": "a6cfbd61e9e097d5f42f8a7ed6f92f93f51ff927d29c9fbaec04f03cbce130fe",
    "https://deno.land/x/zod@v3.21.4/helpers/enumUtil.ts": "54efc393cc9860e687d8b81ff52e980def00fa67377ad0bf8b3104f8a5bf698c",
    "https://deno.land/x/zod@v3.21.4/helpers/errorUtil.ts": "7a77328240be7b847af6de9189963bd9f79cab32bbc61502a9db4fe6683e2ea7",
    "https://deno.land/x/zod@v3.21.4/helpers/parseUtil.ts": "51a76c126ee212be86013d53a9d07f87e9ae04bb1496f2558e61b62cb74a6aa8",
    "https://deno.land/x/zod@v3.21.4/helpers/partialUtil.ts": "998c2fe79795257d4d1cf10361e74492f3b7d852f61057c7c08ac0a46488b7e7",
    "https://deno.land/x/zod@v3.21.4/helpers/typeAliases.ts": "0fda31a063c6736fc3cf9090dd94865c811dfff4f3cb8707b932bf937c6f2c3e",
    "https://deno.land/x/zod@v3.21.4/helpers/util.ts": "8baf19b19b2fca8424380367b90364b32503b6b71780269a6e3e67700bb02774",
    "https://deno.land/x/zod@v3.21.4/index.ts": "d27aabd973613985574bc31f39e45cb5d856aa122ef094a9f38a463b8ef1a268",
    "https://deno.land/x/zod@v3.21.4/locales/en.ts": "a7a25cd23563ccb5e0eed214d9b31846305ddbcdb9c5c8f508b108943366ab4c",
    "https://deno.land/x/zod@v3.21.4/mod.ts": "64e55237cb4410e17d968cd08975566059f27638ebb0b86048031b987ba251c4",
    "https://deno.land/x/zod@v3.21.4/types.ts": "b5d061babea250de14fc63764df5b3afa24f2b088a1d797fc060ba49a0ddff28",
    "https://esm.sh/mitt@3.0.0?pin=v110": "435639770753ec5fb1bccbbf3d78aadbfd03e6ff8b5bb4e47ff9f3141f3600a4",
    "https://esm.sh/stable/react@18.2.0/deno/jsx-runtime.js": "aea305f042cbf1e7accfc35445f07596fd5b141174664697b6cd39dd1c128056",
    "https://esm.sh/stable/react@18.2.0/deno/react.mjs": "a5a73ee24acca4744ee22c51d9357f31968d1f684ce253bde222b4e26d09f49f",
    "https://esm.sh/v110/mitt@3.0.0/deno/mitt.mjs": "7cc98580c4259fefc87ff60b375e73e6b2459e2e1f5cb4a9cfc8134642106240",
    "https://esm.sh/v110/mitt@3.0.0/index.d.ts": "d078b49194156918c4adfe4f0e2da2f2d5bfb0fe92539c9437d453a2fe68dd01",
    "https://esm.sh/v113/@types/prop-types@15.7.5/index.d.ts": "6a386ff939f180ae8ef064699d8b7b6e62bc2731a62d7fbf5e02589383838dea",
    "https://esm.sh/v113/@types/react-dom@18.2.1/client.d.ts": "957a2a982a176b5e78babc3270fc4b4587ceaacc67af9f7f7f74d5afb57a542e",
    "https://esm.sh/v113/@types/react-dom@18.2.1/client~.d.ts": "957a2a982a176b5e78babc3270fc4b4587ceaacc67af9f7f7f74d5afb57a542e",
    "https://esm.sh/v113/@types/react-dom@18.2.1/server~.d.ts": "8eb9cea8daee21c258a688ce20ee8c0a675cc9c0fae2dc9921fc8dc33e36184d",
    "https://esm.sh/v113/@types/react@18.0.38/global.d.ts": "549df62b64a71004aee17685b445a8289013daf96246ce4d9b087d13d7a27a61",
    "https://esm.sh/v113/@types/react@18.0.38/index.d.ts": "37e81351794be65ecf31385e65a9fb08b2f747e00bccf632a04263202b8a6e6e",
    "https://esm.sh/v113/@types/scheduler@0.16.3/tracing.d.ts": "f5a8b384f182b3851cec3596ccc96cb7464f8d3469f48c74bf2befb782a19de5",
    "https://esm.sh/v113/csstype@3.1.2/index.d.ts": "4c68749a564a6facdf675416d75789ee5a557afda8960e0803cf6711fa569288",
    "https://esm.sh/v113/mitt@3.0.0": "e525cc3d366d14c975e12bcc13505d596c9d1485286e3a4955dd7426d280175b",
    "https://esm.sh/v113/mitt@3.0.0/deno/mitt.mjs": "7cc98580c4259fefc87ff60b375e73e6b2459e2e1f5cb4a9cfc8134642106240",
    "https://esm.sh/v113/mitt@3.0.0/index.d.ts": "d078b49194156918c4adfe4f0e2da2f2d5bfb0fe92539c9437d453a2fe68dd01",
    "https://esm.sh/v113/react-dom@18.2.0/client": "f953e407305cc11ae4d9f64df20ceb2d6b13ca690cc71d8110a670066dce7765",
    "https://esm.sh/v113/react-dom@18.2.0/deno/client.js": "1710e21efd55ab3b123f67bb789eaf901e8523248c5d3f0b9e6f6ebdcacecebf",
    "https://esm.sh/v113/react-dom@18.2.0/deno/react-dom.mjs": "1c094670a1851995d34302ca392dbf5cdac85474983b424edc16c73780b79ebe",
    "https://esm.sh/v113/react-dom@18.2.0/deno/server.js": "b337bd03b576204ec3ab3a54933bf09a4bc35f0b13b9b3cba32b8ef0d5af64bc",
    "https://esm.sh/v113/react-dom@18.2.0/server": "88df1a68810026f6d6ce0550ca4437a20f7062ca7bb67800ce5794827e099a23",
    "https://esm.sh/v113/react@18.2.0": "742d8246041966ba1137ec8c60888c35882a9d2478bce63583875f86c1e3687c",
    "https://esm.sh/v113/react@18.2.0/jsx-runtime": "8e5e22ae56773ef989a95772b9b9f6d4e5d7891f2d20875c25e51015df018f7c",
    "https://esm.sh/v113/scheduler@0.23.0/deno/scheduler.mjs": "585bd99e523275a2447f9d1c29f36b43be0a20123e7c7915f6f4d5405ecc2884",
    "https://esm.sh/v117/@types/prop-types@15.7.5/index.d.ts": "6a386ff939f180ae8ef064699d8b7b6e62bc2731a62d7fbf5e02589383838dea",
    "https://esm.sh/v117/@types/react@18.2.0/global.d.ts": "549df62b64a71004aee17685b445a8289013daf96246ce4d9b087d13d7a27a61",
    "https://esm.sh/v117/@types/react@18.2.0/index.d.ts": "9d9370728227c924747ecf917ee8e95832169c8f693859499f479fe6d106a1f6",
    "https://esm.sh/v117/@types/react@18.2.0/jsx-runtime~.d.ts": "7efb28f322f647d652575b99e1d9cda1af17e93bdf6f649cc5d0a8527fc75324",
    "https://esm.sh/v117/@types/scheduler@0.16.3/tracing.d.ts": "f5a8b384f182b3851cec3596ccc96cb7464f8d3469f48c74bf2befb782a19de5",
    "https://esm.sh/v117/csstype@3.1.2/index.d.ts": "4c68749a564a6facdf675416d75789ee5a557afda8960e0803cf6711fa569288"
  },
  "npm": {
    "specifiers": {
      "@shopify/shopify-api": "@shopify/shopify-api@7.2.0",
      "@shopify/shopify-api@7.1.0": "@shopify/shopify-api@7.1.0",
      "@shopify/shopify-api@7.2.0": "@shopify/shopify-api@7.2.0"
    },
    "packages": {
      "@shopify/network@3.2.1": {
        "integrity": "sha512-Ih/6Oe80dynlUsRfEqptWBfsySCqI0rjQvPAjS8HuWeK9nZ+TvmYScfxjucKXZ2deXwAClnU6SMdh3/B1lMMog==",
        "dependencies": {}
      },
      "@shopify/shopify-api@7.1.0": {
        "integrity": "sha512-5G05wqlD8Pk4Z6cRfbLkDZqTjz55XsBwJtLaIin+r5CRTC3Ny9oz3xkgH8AgiOa5UD6EZ3+ezB+QfupTHFadnA==",
        "dependencies": {
          "@shopify/network": "@shopify/network@3.2.1",
          "compare-versions": "compare-versions@5.0.3",
          "isbot": "isbot@3.6.10",
          "jose": "jose@4.14.4",
          "node-fetch": "node-fetch@2.6.11",
          "tslib": "tslib@2.5.2",
          "uuid": "uuid@9.0.0"
        }
      },
      "@shopify/shopify-api@7.2.0": {
        "integrity": "sha512-mjdVYIVw5Ko8y5yqT7gHtw2vnT4aOavPp3Ju0r8rhg4V314T0gMKtuPn8OJ1lljjtZnR8vxpyEOBFLJanfyODQ==",
        "dependencies": {
          "@shopify/network": "@shopify/network@3.2.1",
          "compare-versions": "compare-versions@5.0.3",
          "isbot": "isbot@3.6.10",
          "jose": "jose@4.14.4",
          "node-fetch": "node-fetch@2.6.11",
          "tslib": "tslib@2.5.2",
          "uuid": "uuid@9.0.0"
        }
      },
      "compare-versions@5.0.3": {
        "integrity": "sha512-4UZlZP8Z99MGEY+Ovg/uJxJuvoXuN4M6B3hKaiackiHrgzQFEe3diJi1mf1PNHbFujM7FvLrK2bpgIaImbtZ1A==",
        "dependencies": {}
      },
      "isbot@3.6.10": {
        "integrity": "sha512-+I+2998oyP4oW9+OTQD8TS1r9P6wv10yejukj+Ksj3+UR5pUhsZN3f8W7ysq0p1qxpOVNbl5mCuv0bCaF8y5iQ==",
        "dependencies": {}
      },
      "jose@4.14.4": {
        "integrity": "sha512-j8GhLiKmUAh+dsFXlX1aJCbt5KMibuKb+d7j1JaOJG6s2UjX1PQlW+OKB/sD4a/5ZYF4RcmYmLSndOoU3Lt/3g==",
        "dependencies": {}
      },
      "node-fetch@2.6.11": {
        "integrity": "sha512-4I6pdBY1EthSqDmJkiNk3JIT8cswwR9nfeW/cPdUagJYEQG7R95WRH74wpz7ma8Gh/9dI9FP+OU+0E4FvtA55w==",
        "dependencies": {
          "whatwg-url": "whatwg-url@5.0.0"
        }
      },
      "tr46@0.0.3": {
        "integrity": "sha512-N3WMsuqV66lT30CrXNbEjx4GEwlow3v6rr4mCcv6prnfwhS01rkgyFdjPNBYd9br7LpXV1+Emh01fHnq2Gdgrw==",
        "dependencies": {}
      },
      "tslib@2.5.2": {
        "integrity": "sha512-5svOrSA2w3iGFDs1HibEVBGbDrAY82bFQ3HZ3ixB+88nsbsWQoKqDRb5UBYAUPEzbBn6dAp5gRNXglySbx1MlA==",
        "dependencies": {}
      },
      "uuid@9.0.0": {
        "integrity": "sha512-MXcSTerfPa4uqyzStbRoTgt5XIe3x5+42+q1sDuy3R5MDk66URdLMOZe5aPX/SQd+kuYAh0FdP/pO28IkQyTeg==",
        "dependencies": {}
      },
      "webidl-conversions@3.0.1": {
        "integrity": "sha512-2JAn3z8AR6rjK8Sm8orRC0h/bcl/DqL7tRPdGZ4I1CjdF+EaMLmYxBHyXuKL849eucPFhvBoxMsflfOb8kxaeQ==",
        "dependencies": {}
      },
      "whatwg-url@5.0.0": {
        "integrity": "sha512-saE57nupxk6v3HY35+jzBwYa0rKSy0XR8JSxZPwgLr7ys0IBzhGviA1/TUGJLmSVqs8pb9AnvICXEuOHLprYTw==",
        "dependencies": {
          "tr46": "tr46@0.0.3",
          "webidl-conversions": "webidl-conversions@3.0.1"
        }
      }
    }
  }
}
